
Microsoft Visual Studio Solution File, Format Version 10.00
# Visual C++ Express 2008
Project("{8BC9CEB8-8B4A-11D0-8D11-00A0C91BC942}") = "odraw_test_error", "odraw_test_error\odraw_test_error.vcproj", "{7CBE8F86-11C3-4D09-9E2B-D3610F7D980C}"
	ProjectSection(ProjectDependencies) = postProject
		{31355F6F-10AC-432A-A6D1-0143297F093D} = {31355F6F-10AC-432A-A6D1-0143297F093D}
		{20FFC4C9-F44C-45F6-A827-4819B4DF3C9F} = {20FFC4C9-F44C-45F6-A827-4819B4DF3C9F}
	EndProjectSection
EndProject
Project("{8BC9CEB8-8B4A-11D0-8D11-00A0C91BC942}") = "odraw_test_notify", "odraw_test_notify\odraw_test_notify.vcproj", "{ED410336-B045-4B35-9039-023549A664C2}"
	ProjectSection(ProjectDependencies) = postProject
		{31355F6F-10AC-432A-A6D1-0143297F093D} = {31355F6F-10AC-432A-A6D1-0143297F093D}
		{20FFC4C9-F44C-45F6-A827-4819B4DF3C9F} = {20FFC4C9-F44C-45F6-A827-4819B4DF3C9F}
	EndProjectSection
EndProject
Project("{8BC9CEB8-8B4A-11D0-8D11-00A0C91BC942}") = "odraw_test_open_close", "odraw_test_open_close\odraw_test_open_close.vcproj", "{F84858ED-33C7-4287-905A-6380D87E8BBE}"
	ProjectSection(ProjectDependencies) = postProject
		{277A37E6-0E84-4B39-9E2E-B549B0CC857D} = {277A37E6-0E84-4B39-9E2E-B549B0CC857D}
		{31355F6F-10AC-432A-A6D1-0143297F093D} = {31355F6F-10AC-432A-A6D1-0143297F093D}
		{BD3A95FA-A3DE-4B79-A889-A7E5ECA4B69C} = {BD3A95FA-A3DE-4B79-A889-A7E5ECA4B69C}
		{20FFC4C9-F44C-45F6-A827-4819B4DF3C9F} = {20FFC4C9-F44C-45F6-A827-4819B4DF3C9F}
	EndProjectSection
EndProject
Project("{8BC9CEB8-8B4A-11D0-8D11-00A0C91BC942}") = "odraw_test_read", "odraw_test_read\odraw_test_read.vcproj", "{84214D04-7EB3-4F14-82EB-ED69673A44BF}"
	ProjectSection(ProjectDependencies) = postProject
		{277A37E6-0E84-4B39-9E2E-B549B0CC857D} = {277A37E6-0E84-4B39-9E2E-B549B0CC857D}
		{31355F6F-10AC-432A-A6D1-0143297F093D} = {31355F6F-10AC-432A-A6D1-0143297F093D}
		{8AFAA2C6-E025-4B45-B96F-A27D04C6115A} = {8AFAA2C6-E025-4B45-B96F-A27D04C6115A}
		{BD3A95FA-A3DE-4B79-A889-A7E5ECA4B69C} = {BD3A95FA-A3DE-4B79-A889-A7E5ECA4B69C}
		{20FFC4C9-F44C-45F6-A827-4819B4DF3C9F} = {20FFC4C9-F44C-45F6-A827-4819B4DF3C9F}
	EndProjectSection
EndProject
Project("{8BC9CEB8-8B4A-11D0-8D11-00A0C91BC942}") = "odraw_test_seek", "odraw_test_seek\odraw_test_seek.vcproj", "{F465AC53-0947-4729-8F89-08A1E969DBDE}"
	ProjectSection(ProjectDependencies) = postProject
		{277A37E6-0E84-4B39-9E2E-B549B0CC857D} = {277A37E6-0E84-4B39-9E2E-B549B0CC857D}
		{31355F6F-10AC-432A-A6D1-0143297F093D} = {31355F6F-10AC-432A-A6D1-0143297F093D}
		{BD3A95FA-A3DE-4B79-A889-A7E5ECA4B69C} = {BD3A95FA-A3DE-4B79-A889-A7E5ECA4B69C}
		{20FFC4C9-F44C-45F6-A827-4819B4DF3C9F} = {20FFC4C9-F44C-45F6-A827-4819B4DF3C9F}
	EndProjectSection
EndProject
Project("{8BC9CEB8-8B4A-11D0-8D11-00A0C91BC942}") = "odraw_test_set_ascii_codepage", "odraw_test_set_ascii_codepage\odraw_test_set_ascii_codepage.vcproj", "{47B3719E-A31B-465B-AC37-09726E57395F}"
	ProjectSection(ProjectDependencies) = postProject
		{31355F6F-10AC-432A-A6D1-0143297F093D} = {31355F6F-10AC-432A-A6D1-0143297F093D}
		{CEDF8919-00B2-4D8A-88CC-84ADB2D2FF89} = {CEDF8919-00B2-4D8A-88CC-84ADB2D2FF89}
		{BD3A95FA-A3DE-4B79-A889-A7E5ECA4B69C} = {BD3A95FA-A3DE-4B79-A889-A7E5ECA4B69C}
		{20FFC4C9-F44C-45F6-A827-4819B4DF3C9F} = {20FFC4C9-F44C-45F6-A827-4819B4DF3C9F}
	EndProjectSection
EndProject
Project("{8BC9CEB8-8B4A-11D0-8D11-00A0C91BC942}") = "odraw_test_support", "odraw_test_support\odraw_test_support.vcproj", "{13733A8C-654C-44EF-9455-F1AE1E3CAD70}"
	ProjectSection(ProjectDependencies) = postProject
		{31355F6F-10AC-432A-A6D1-0143297F093D} = {31355F6F-10AC-432A-A6D1-0143297F093D}
		{20FFC4C9-F44C-45F6-A827-4819B4DF3C9F} = {20FFC4C9-F44C-45F6-A827-4819B4DF3C9F}
	EndProjectSection
EndProject
Project("{8BC9CEB8-8B4A-11D0-8D11-00A0C91BC942}") = "libclocale", "libclocale\libclocale.vcproj", "{CEDF8919-00B2-4D8A-88CC-84ADB2D2FF89}"
	ProjectSection(ProjectDependencies) = postProject
		{20FFC4C9-F44C-45F6-A827-4819B4DF3C9F} = {20FFC4C9-F44C-45F6-A827-4819B4DF3C9F}
		{BD3A95FA-A3DE-4B79-A889-A7E5ECA4B69C} = {BD3A95FA-A3DE-4B79-A889-A7E5ECA4B69C}
	EndProjectSection
EndProject
Project("{8BC9CEB8-8B4A-11D0-8D11-00A0C91BC942}") = "libbfio", "libbfio\libbfio.vcproj", "{41CFAFBF-A1C8-4704-AFEF-31979E6452B9}"
	ProjectSection(ProjectDependencies) = postProject
		{20FFC4C9-F44C-45F6-A827-4819B4DF3C9F} = {20FFC4C9-F44C-45F6-A827-4819B4DF3C9F}
		{BD3A95FA-A3DE-4B79-A889-A7E5ECA4B69C} = {BD3A95FA-A3DE-4B79-A889-A7E5ECA4B69C}
		{8AFAA2C6-E025-4B45-B96F-A27D04C6115A} = {8AFAA2C6-E025-4B45-B96F-A27D04C6115A}
		{B9332DC8-7594-47DF-80C1-38922E0F4DFB} = {B9332DC8-7594-47DF-80C1-38922E0F4DFB}
		{CEDF8919-00B2-4D8A-88CC-84ADB2D2FF89} = {CEDF8919-00B2-4D8A-88CC-84ADB2D2FF89}
		{B86FB73A-4ACC-42DE-9545-586D93955B06} = {B86FB73A-4ACC-42DE-9545-586D93955B06}
		{BC27FF34-C859-4A1A-95D6-FC89952E1910} = {BC27FF34-C859-4A1A-95D6-FC89952E1910}
		{4C93BDD3-1804-47F3-9B34-F2DE0CAE1AE0} = {4C93BDD3-1804-47F3-9B34-F2DE0CAE1AE0}
		{3FFB9C05-1145-45A7-9ADE-5C8D70FBD7CA} = {3FFB9C05-1145-45A7-9ADE-5C8D70FBD7CA}
	EndProjectSection
EndProject
Project("{8BC9CEB8-8B4A-11D0-8D11-00A0C91BC942}") = "libodraw", "libodraw\libodraw.vcproj", "{31355F6F-10AC-432A-A6D1-0143297F093D}"
	ProjectSection(ProjectDependencies) = postProject
		{20FFC4C9-F44C-45F6-A827-4819B4DF3C9F} = {20FFC4C9-F44C-45F6-A827-4819B4DF3C9F}
		{BD3A95FA-A3DE-4B79-A889-A7E5ECA4B69C} = {BD3A95FA-A3DE-4B79-A889-A7E5ECA4B69C}
		{8AFAA2C6-E025-4B45-B96F-A27D04C6115A} = {8AFAA2C6-E025-4B45-B96F-A27D04C6115A}
		{B9332DC8-7594-47DF-80C1-38922E0F4DFB} = {B9332DC8-7594-47DF-80C1-38922E0F4DFB}
		{CEDF8919-00B2-4D8A-88CC-84ADB2D2FF89} = {CEDF8919-00B2-4D8A-88CC-84ADB2D2FF89}
		{5304AD69-D449-4589-B2C9-E4607E56A51D} = {5304AD69-D449-4589-B2C9-E4607E56A51D}
		{B86FB73A-4ACC-42DE-9545-586D93955B06} = {B86FB73A-4ACC-42DE-9545-586D93955B06}
		{BC27FF34-C859-4A1A-95D6-FC89952E1910} = {BC27FF34-C859-4A1A-95D6-FC89952E1910}
		{4C93BDD3-1804-47F3-9B34-F2DE0CAE1AE0} = {4C93BDD3-1804-47F3-9B34-F2DE0CAE1AE0}
		{3FFB9C05-1145-45A7-9ADE-5C8D70FBD7CA} = {3FFB9C05-1145-45A7-9ADE-5C8D70FBD7CA}
		{41CFAFBF-A1C8-4704-AFEF-31979E6452B9} = {41CFAFBF-A1C8-4704-AFEF-31979E6452B9}
	EndProjectSection
EndProject
Project("{8BC9CEB8-8B4A-11D0-8D11-00A0C91BC942}") = "libcfile", "libcfile\libcfile.vcproj", "{4C93BDD3-1804-47F3-9B34-F2DE0CAE1AE0}"
	ProjectSection(ProjectDependencies) = postProject
		{20FFC4C9-F44C-45F6-A827-4819B4DF3C9F} = {20FFC4C9-F44C-45F6-A827-4819B4DF3C9F}
		{BD3A95FA-A3DE-4B79-A889-A7E5ECA4B69C} = {BD3A95FA-A3DE-4B79-A889-A7E5ECA4B69C}
		{CEDF8919-00B2-4D8A-88CC-84ADB2D2FF89} = {CEDF8919-00B2-4D8A-88CC-84ADB2D2FF89}
		{5304AD69-D449-4589-B2C9-E4607E56A51D} = {5304AD69-D449-4589-B2C9-E4607E56A51D}
		{BC27FF34-C859-4A1A-95D6-FC89952E1910} = {BC27FF34-C859-4A1A-95D6-FC89952E1910}
	EndProjectSection
EndProject
Project("{8BC9CEB8-8B4A-11D0-8D11-00A0C91BC942}") = "libcthreads", "libcthreads\libcthreads.vcproj", "{8AFAA2C6-E025-4B45-B96F-A27D04C6115A}"
	ProjectSection(ProjectDependencies) = postProject
		{20FFC4C9-F44C-45F6-A827-4819B4DF3C9F} = {20FFC4C9-F44C-45F6-A827-4819B4DF3C9F}
		{BD3A95FA-A3DE-4B79-A889-A7E5ECA4B69C} = {BD3A95FA-A3DE-4B79-A889-A7E5ECA4B69C}
	EndProjectSection
EndProject
Project("{8BC9CEB8-8B4A-11D0-8D11-00A0C91BC942}") = "odrawinfo", "odrawinfo\odrawinfo.vcproj", "{A7545354-5D50-49F6-A3D0-1F97F6228955}"
	ProjectSection(ProjectDependencies) = postProject
		{277A37E6-0E84-4B39-9E2E-B549B0CC857D} = {277A37E6-0E84-4B39-9E2E-B549B0CC857D}
		{31355F6F-10AC-432A-A6D1-0143297F093D} = {31355F6F-10AC-432A-A6D1-0143297F093D}
		{5304AD69-D449-4589-B2C9-E4607E56A51D} = {5304AD69-D449-4589-B2C9-E4607E56A51D}
		{CEDF8919-00B2-4D8A-88CC-84ADB2D2FF89} = {CEDF8919-00B2-4D8A-88CC-84ADB2D2FF89}
		{BD3A95FA-A3DE-4B79-A889-A7E5ECA4B69C} = {BD3A95FA-A3DE-4B79-A889-A7E5ECA4B69C}
		{20FFC4C9-F44C-45F6-A827-4819B4DF3C9F} = {20FFC4C9-F44C-45F6-A827-4819B4DF3C9F}
	EndProjectSection
EndProject
Project("{8BC9CEB8-8B4A-11D0-8D11-00A0C91BC942}") = "odrawverify", "odrawverify\odrawverify.vcproj", "{E47BC48E-4CDC-49CC-B82E-4468DE2540DE}"
	ProjectSection(ProjectDependencies) = postProject
		{D6DC307C-0CA0-4144-BB19-9C43B476280F} = {D6DC307C-0CA0-4144-BB19-9C43B476280F}
		{277A37E6-0E84-4B39-9E2E-B549B0CC857D} = {277A37E6-0E84-4B39-9E2E-B549B0CC857D}
		{B86FB73A-4ACC-42DE-9545-586D93955B06} = {B86FB73A-4ACC-42DE-9545-586D93955B06}
		{31355F6F-10AC-432A-A6D1-0143297F093D} = {31355F6F-10AC-432A-A6D1-0143297F093D}
		{5304AD69-D449-4589-B2C9-E4607E56A51D} = {5304AD69-D449-4589-B2C9-E4607E56A51D}
		{CEDF8919-00B2-4D8A-88CC-84ADB2D2FF89} = {CEDF8919-00B2-4D8A-88CC-84ADB2D2FF89}
		{BD3A95FA-A3DE-4B79-A889-A7E5ECA4B69C} = {BD3A95FA-A3DE-4B79-A889-A7E5ECA4B69C}
		{20FFC4C9-F44C-45F6-A827-4819B4DF3C9F} = {20FFC4C9-F44C-45F6-A827-4819B4DF3C9F}
	EndProjectSection
EndProject
Project("{8BC9CEB8-8B4A-11D0-8D11-00A0C91BC942}") = "libcpath", "libcpath\libcpath.vcproj", "{3FFB9C05-1145-45A7-9ADE-5C8D70FBD7CA}"
	ProjectSection(ProjectDependencies) = postProject
		{20FFC4C9-F44C-45F6-A827-4819B4DF3C9F} = {20FFC4C9-F44C-45F6-A827-4819B4DF3C9F}
		{BD3A95FA-A3DE-4B79-A889-A7E5ECA4B69C} = {BD3A95FA-A3DE-4B79-A889-A7E5ECA4B69C}
		{CEDF8919-00B2-4D8A-88CC-84ADB2D2FF89} = {CEDF8919-00B2-4D8A-88CC-84ADB2D2FF89}
		{B86FB73A-4ACC-42DE-9545-586D93955B06} = {B86FB73A-4ACC-42DE-9545-586D93955B06}
		{BC27FF34-C859-4A1A-95D6-FC89952E1910} = {BC27FF34-C859-4A1A-95D6-FC89952E1910}
	EndProjectSection
EndProject
Project("{8BC9CEB8-8B4A-11D0-8D11-00A0C91BC942}") = "libhmac", "libhmac\libhmac.vcproj", "{D6DC307C-0CA0-4144-BB19-9C43B476280F}"
	ProjectSection(ProjectDependencies) = postProject
		{20FFC4C9-F44C-45F6-A827-4819B4DF3C9F} = {20FFC4C9-F44C-45F6-A827-4819B4DF3C9F}
		{BD3A95FA-A3DE-4B79-A889-A7E5ECA4B69C} = {BD3A95FA-A3DE-4B79-A889-A7E5ECA4B69C}
	EndProjectSection
EndProject
Project("{8BC9CEB8-8B4A-11D0-8D11-00A0C91BC942}") = "libcstring", "libcstring\libcstring.vcproj", "{20FFC4C9-F44C-45F6-A827-4819B4DF3C9F}"
EndProject
Project("{8BC9CEB8-8B4A-11D0-8D11-00A0C91BC942}") = "libuna", "libuna\libuna.vcproj", "{BC27FF34-C859-4A1A-95D6-FC89952E1910}"
	ProjectSection(ProjectDependencies) = postProject
		{20FFC4C9-F44C-45F6-A827-4819B4DF3C9F} = {20FFC4C9-F44C-45F6-A827-4819B4DF3C9F}
		{BD3A95FA-A3DE-4B79-A889-A7E5ECA4B69C} = {BD3A95FA-A3DE-4B79-A889-A7E5ECA4B69C}
	EndProjectSection
EndProject
Project("{8BC9CEB8-8B4A-11D0-8D11-00A0C91BC942}") = "libcerror", "libcerror\libcerror.vcproj", "{BD3A95FA-A3DE-4B79-A889-A7E5ECA4B69C}"
	ProjectSection(ProjectDependencies) = postProject
		{20FFC4C9-F44C-45F6-A827-4819B4DF3C9F} = {20FFC4C9-F44C-45F6-A827-4819B4DF3C9F}
	EndProjectSection
EndProject
Project("{8BC9CEB8-8B4A-11D0-8D11-00A0C91BC942}") = "libcnotify", "libcnotify\libcnotify.vcproj", "{5304AD69-D449-4589-B2C9-E4607E56A51D}"
	ProjectSection(ProjectDependencies) = postProject
		{20FFC4C9-F44C-45F6-A827-4819B4DF3C9F} = {20FFC4C9-F44C-45F6-A827-4819B4DF3C9F}
		{BD3A95FA-A3DE-4B79-A889-A7E5ECA4B69C} = {BD3A95FA-A3DE-4B79-A889-A7E5ECA4B69C}
	EndProjectSection
EndProject
Project("{8BC9CEB8-8B4A-11D0-8D11-00A0C91BC942}") = "libcsystem", "libcsystem\libcsystem.vcproj", "{277A37E6-0E84-4B39-9E2E-B549B0CC857D}"
	ProjectSection(ProjectDependencies) = postProject
		{20FFC4C9-F44C-45F6-A827-4819B4DF3C9F} = {20FFC4C9-F44C-45F6-A827-4819B4DF3C9F}
		{BD3A95FA-A3DE-4B79-A889-A7E5ECA4B69C} = {BD3A95FA-A3DE-4B79-A889-A7E5ECA4B69C}
		{CEDF8919-00B2-4D8A-88CC-84ADB2D2FF89} = {CEDF8919-00B2-4D8A-88CC-84ADB2D2FF89}
		{5304AD69-D449-4589-B2C9-E4607E56A51D} = {5304AD69-D449-4589-B2C9-E4607E56A51D}
		{BC27FF34-C859-4A1A-95D6-FC89952E1910} = {BC27FF34-C859-4A1A-95D6-FC89952E1910}
	EndProjectSection
EndProject
Project("{8BC9CEB8-8B4A-11D0-8D11-00A0C91BC942}") = "libcdata", "libcdata\libcdata.vcproj", "{B9332DC8-7594-47DF-80C1-38922E0F4DFB}"
	ProjectSection(ProjectDependencies) = postProject
		{20FFC4C9-F44C-45F6-A827-4819B4DF3C9F} = {20FFC4C9-F44C-45F6-A827-4819B4DF3C9F}
		{BD3A95FA-A3DE-4B79-A889-A7E5ECA4B69C} = {BD3A95FA-A3DE-4B79-A889-A7E5ECA4B69C}
		{8AFAA2C6-E025-4B45-B96F-A27D04C6115A} = {8AFAA2C6-E025-4B45-B96F-A27D04C6115A}
	EndProjectSection
EndProject
Project("{8BC9CEB8-8B4A-11D0-8D11-00A0C91BC942}") = "libcsplit", "libcsplit\libcsplit.vcproj", "{B86FB73A-4ACC-42DE-9545-586D93955B06}"
	ProjectSection(ProjectDependencies) = postProject
		{20FFC4C9-F44C-45F6-A827-4819B4DF3C9F} = {20FFC4C9-F44C-45F6-A827-4819B4DF3C9F}
		{BD3A95FA-A3DE-4B79-A889-A7E5ECA4B69C} = {BD3A95FA-A3DE-4B79-A889-A7E5ECA4B69C}
	EndProjectSection
EndProject
Global
	GlobalSection(SolutionConfigurationPlatforms) = preSolution
		Release|Win32 = Release|Win32
		VSDebug|Win32 = VSDebug|Win32
	EndGlobalSection
	GlobalSection(ProjectConfigurationPlatforms) = postSolution
		{7CBE8F86-11C3-4D09-9E2B-D3610F7D980C}.Release|Win32.ActiveCfg = Release|Win32
		{7CBE8F86-11C3-4D09-9E2B-D3610F7D980C}.Release|Win32.Build.0 = Release|Win32
		{7CBE8F86-11C3-4D09-9E2B-D3610F7D980C}.VSDebug|Win32.ActiveCfg = VSDebug|Win32
		{7CBE8F86-11C3-4D09-9E2B-D3610F7D980C}.VSDebug|Win32.Build.0 = VSDebug|Win32
		{ED410336-B045-4B35-9039-023549A664C2}.Release|Win32.ActiveCfg = Release|Win32
		{ED410336-B045-4B35-9039-023549A664C2}.Release|Win32.Build.0 = Release|Win32
		{ED410336-B045-4B35-9039-023549A664C2}.VSDebug|Win32.ActiveCfg = VSDebug|Win32
		{ED410336-B045-4B35-9039-023549A664C2}.VSDebug|Win32.Build.0 = VSDebug|Win32
		{F84858ED-33C7-4287-905A-6380D87E8BBE}.Release|Win32.ActiveCfg = Release|Win32
		{F84858ED-33C7-4287-905A-6380D87E8BBE}.Release|Win32.Build.0 = Release|Win32
		{F84858ED-33C7-4287-905A-6380D87E8BBE}.VSDebug|Win32.ActiveCfg = VSDebug|Win32
		{F84858ED-33C7-4287-905A-6380D87E8BBE}.VSDebug|Win32.Build.0 = VSDebug|Win32
		{84214D04-7EB3-4F14-82EB-ED69673A44BF}.Release|Win32.ActiveCfg = Release|Win32
		{84214D04-7EB3-4F14-82EB-ED69673A44BF}.Release|Win32.Build.0 = Release|Win32
		{84214D04-7EB3-4F14-82EB-ED69673A44BF}.VSDebug|Win32.ActiveCfg = VSDebug|Win32
		{84214D04-7EB3-4F14-82EB-ED69673A44BF}.VSDebug|Win32.Build.0 = VSDebug|Win32
		{F465AC53-0947-4729-8F89-08A1E969DBDE}.Release|Win32.ActiveCfg = Release|Win32
		{F465AC53-0947-4729-8F89-08A1E969DBDE}.Release|Win32.Build.0 = Release|Win32
		{F465AC53-0947-4729-8F89-08A1E969DBDE}.VSDebug|Win32.ActiveCfg = VSDebug|Win32
		{F465AC53-0947-4729-8F89-08A1E969DBDE}.VSDebug|Win32.Build.0 = VSDebug|Win32
		{47B3719E-A31B-465B-AC37-09726E57395F}.Release|Win32.ActiveCfg = Release|Win32
		{47B3719E-A31B-465B-AC37-09726E57395F}.Release|Win32.Build.0 = Release|Win32
		{47B3719E-A31B-465B-AC37-09726E57395F}.VSDebug|Win32.ActiveCfg = VSDebug|Win32
		{47B3719E-A31B-465B-AC37-09726E57395F}.VSDebug|Win32.Build.0 = VSDebug|Win32
		{13733A8C-654C-44EF-9455-F1AE1E3CAD70}.Release|Win32.ActiveCfg = Release|Win32
		{13733A8C-654C-44EF-9455-F1AE1E3CAD70}.Release|Win32.Build.0 = Release|Win32
		{13733A8C-654C-44EF-9455-F1AE1E3CAD70}.VSDebug|Win32.ActiveCfg = VSDebug|Win32
		{13733A8C-654C-44EF-9455-F1AE1E3CAD70}.VSDebug|Win32.Build.0 = VSDebug|Win32
		{CEDF8919-00B2-4D8A-88CC-84ADB2D2FF89}.Release|Win32.ActiveCfg = Release|Win32
		{CEDF8919-00B2-4D8A-88CC-84ADB2D2FF89}.Release|Win32.Build.0 = Release|Win32
		{CEDF8919-00B2-4D8A-88CC-84ADB2D2FF89}.VSDebug|Win32.ActiveCfg = VSDebug|Win32
		{CEDF8919-00B2-4D8A-88CC-84ADB2D2FF89}.VSDebug|Win32.Build.0 = VSDebug|Win32
		{41CFAFBF-A1C8-4704-AFEF-31979E6452B9}.Release|Win32.ActiveCfg = Release|Win32
		{41CFAFBF-A1C8-4704-AFEF-31979E6452B9}.Release|Win32.Build.0 = Release|Win32
		{41CFAFBF-A1C8-4704-AFEF-31979E6452B9}.VSDebug|Win32.ActiveCfg = VSDebug|Win32
		{41CFAFBF-A1C8-4704-AFEF-31979E6452B9}.VSDebug|Win32.Build.0 = VSDebug|Win32
		{31355F6F-10AC-432A-A6D1-0143297F093D}.Release|Win32.ActiveCfg = Release|Win32
		{31355F6F-10AC-432A-A6D1-0143297F093D}.Release|Win32.Build.0 = Release|Win32
		{31355F6F-10AC-432A-A6D1-0143297F093D}.VSDebug|Win32.ActiveCfg = VSDebug|Win32
		{31355F6F-10AC-432A-A6D1-0143297F093D}.VSDebug|Win32.Build.0 = VSDebug|Win32
		{4C93BDD3-1804-47F3-9B34-F2DE0CAE1AE0}.Release|Win32.ActiveCfg = Release|Win32
		{4C93BDD3-1804-47F3-9B34-F2DE0CAE1AE0}.Release|Win32.Build.0 = Release|Win32
		{4C93BDD3-1804-47F3-9B34-F2DE0CAE1AE0}.VSDebug|Win32.ActiveCfg = VSDebug|Win32
		{4C93BDD3-1804-47F3-9B34-F2DE0CAE1AE0}.VSDebug|Win32.Build.0 = VSDebug|Win32
		{8AFAA2C6-E025-4B45-B96F-A27D04C6115A}.Release|Win32.ActiveCfg = Release|Win32
		{8AFAA2C6-E025-4B45-B96F-A27D04C6115A}.Release|Win32.Build.0 = Release|Win32
		{8AFAA2C6-E025-4B45-B96F-A27D04C6115A}.VSDebug|Win32.ActiveCfg = VSDebug|Win32
		{8AFAA2C6-E025-4B45-B96F-A27D04C6115A}.VSDebug|Win32.Build.0 = VSDebug|Win32
		{A7545354-5D50-49F6-A3D0-1F97F6228955}.Release|Win32.ActiveCfg = Release|Win32
		{A7545354-5D50-49F6-A3D0-1F97F6228955}.Release|Win32.Build.0 = Release|Win32
		{A7545354-5D50-49F6-A3D0-1F97F6228955}.VSDebug|Win32.ActiveCfg = VSDebug|Win32
		{A7545354-5D50-49F6-A3D0-1F97F6228955}.VSDebug|Win32.Build.0 = VSDebug|Win32
		{E47BC48E-4CDC-49CC-B82E-4468DE2540DE}.Release|Win32.ActiveCfg = Release|Win32
		{E47BC48E-4CDC-49CC-B82E-4468DE2540DE}.Release|Win32.Build.0 = Release|Win32
		{E47BC48E-4CDC-49CC-B82E-4468DE2540DE}.VSDebug|Win32.ActiveCfg = VSDebug|Win32
		{E47BC48E-4CDC-49CC-B82E-4468DE2540DE}.VSDebug|Win32.Build.0 = VSDebug|Win32
		{3FFB9C05-1145-45A7-9ADE-5C8D70FBD7CA}.Release|Win32.ActiveCfg = Release|Win32
		{3FFB9C05-1145-45A7-9ADE-5C8D70FBD7CA}.Release|Win32.Build.0 = Release|Win32
		{3FFB9C05-1145-45A7-9ADE-5C8D70FBD7CA}.VSDebug|Win32.ActiveCfg = VSDebug|Win32
		{3FFB9C05-1145-45A7-9ADE-5C8D70FBD7CA}.VSDebug|Win32.Build.0 = VSDebug|Win32
		{D6DC307C-0CA0-4144-BB19-9C43B476280F}.Release|Win32.ActiveCfg = Release|Win32
		{D6DC307C-0CA0-4144-BB19-9C43B476280F}.Release|Win32.Build.0 = Release|Win32
		{D6DC307C-0CA0-4144-BB19-9C43B476280F}.VSDebug|Win32.ActiveCfg = VSDebug|Win32
		{D6DC307C-0CA0-4144-BB19-9C43B476280F}.VSDebug|Win32.Build.0 = VSDebug|Win32
		{20FFC4C9-F44C-45F6-A827-4819B4DF3C9F}.Release|Win32.ActiveCfg = Release|Win32
		{20FFC4C9-F44C-45F6-A827-4819B4DF3C9F}.Release|Win32.Build.0 = Release|Win32
		{20FFC4C9-F44C-45F6-A827-4819B4DF3C9F}.VSDebug|Win32.ActiveCfg = VSDebug|Win32
		{20FFC4C9-F44C-45F6-A827-4819B4DF3C9F}.VSDebug|Win32.Build.0 = VSDebug|Win32
		{BC27FF34-C859-4A1A-95D6-FC89952E1910}.Release|Win32.ActiveCfg = Release|Win32
		{BC27FF34-C859-4A1A-95D6-FC89952E1910}.Release|Win32.Build.0 = Release|Win32
		{BC27FF34-C859-4A1A-95D6-FC89952E1910}.VSDebug|Win32.ActiveCfg = VSDebug|Win32
		{BC27FF34-C859-4A1A-95D6-FC89952E1910}.VSDebug|Win32.Build.0 = VSDebug|Win32
		{BD3A95FA-A3DE-4B79-A889-A7E5ECA4B69C}.Release|Win32.ActiveCfg = Release|Win32
		{BD3A95FA-A3DE-4B79-A889-A7E5ECA4B69C}.Release|Win32.Build.0 = Release|Win32
		{BD3A95FA-A3DE-4B79-A889-A7E5ECA4B69C}.VSDebug|Win32.ActiveCfg = VSDebug|Win32
		{BD3A95FA-A3DE-4B79-A889-A7E5ECA4B69C}.VSDebug|Win32.Build.0 = VSDebug|Win32
		{5304AD69-D449-4589-B2C9-E4607E56A51D}.Release|Win32.ActiveCfg = Release|Win32
		{5304AD69-D449-4589-B2C9-E4607E56A51D}.Release|Win32.Build.0 = Release|Win32
		{5304AD69-D449-4589-B2C9-E4607E56A51D}.VSDebug|Win32.ActiveCfg = VSDebug|Win32
		{5304AD69-D449-4589-B2C9-E4607E56A51D}.VSDebug|Win32.Build.0 = VSDebug|Win32
		{277A37E6-0E84-4B39-9E2E-B549B0CC857D}.Release|Win32.ActiveCfg = Release|Win32
		{277A37E6-0E84-4B39-9E2E-B549B0CC857D}.Release|Win32.Build.0 = Release|Win32
		{277A37E6-0E84-4B39-9E2E-B549B0CC857D}.VSDebug|Win32.ActiveCfg = VSDebug|Win32
		{277A37E6-0E84-4B39-9E2E-B549B0CC857D}.VSDebug|Win32.Build.0 = VSDebug|Win32
		{B9332DC8-7594-47DF-80C1-38922E0F4DFB}.Release|Win32.ActiveCfg = Release|Win32
		{B9332DC8-7594-47DF-80C1-38922E0F4DFB}.Release|Win32.Build.0 = Release|Win32
		{B9332DC8-7594-47DF-80C1-38922E0F4DFB}.VSDebug|Win32.ActiveCfg = VSDebug|Win32
		{B9332DC8-7594-47DF-80C1-38922E0F4DFB}.VSDebug|Win32.Build.0 = VSDebug|Win32
		{B86FB73A-4ACC-42DE-9545-586D93955B06}.Release|Win32.ActiveCfg = Release|Win32
		{B86FB73A-4ACC-42DE-9545-586D93955B06}.Release|Win32.Build.0 = Release|Win32
		{B86FB73A-4ACC-42DE-9545-586D93955B06}.VSDebug|Win32.ActiveCfg = VSDebug|Win32
		{B86FB73A-4ACC-42DE-9545-586D93955B06}.VSDebug|Win32.Build.0 = VSDebug|Win32
	EndGlobalSection
	GlobalSection(SolutionProperties) = preSolution
		HideSolutionNode = FALSE
	EndGlobalSection
EndGlobal
